
Microsoft Visual Studio Solution File, Format Version 12.00
# Visual Studio Version 17
VisualStudioVersion = 17.14.36310.24
MinimumVisualStudioVersion = 10.0.40219.1
Project("{FAE04EC0-301F-11D3-BF4B-00C04F79EFBC}") = "Domain", "Domain\Domain.csproj", "{E7352693-E7AE-4008-AE84-39F48CE8FFC2}"
EndProject
Project("{FAE04EC0-301F-11D3-BF4B-00C04F79EFBC}") = "Application", "Application\Application.csproj", "{742F6FA9-516A-49A9-ABC3-1CF74DA24F75}"
EndProject
Project("{FAE04EC0-301F-11D3-BF4B-00C04F79EFBC}") = "Data", "Data\Data.csproj", "{A7821E6B-3805-4F60-A3C4-E232FA83C7B6}"
EndProject
Project("{FAE04EC0-301F-11D3-BF4B-00C04F79EFBC}") = "WebApi", "WebApi\WebApi.csproj", "{48664BA8-650D-423A-9F10-667D2BCA4FF9}"
EndProject
Global
	GlobalSection(SolutionConfigurationPlatforms) = preSolution
		Debug|Any CPU = Debug|Any CPU
		Release|Any CPU = Release|Any CPU
	EndGlobalSection
	GlobalSection(ProjectConfigurationPlatforms) = postSolution
		{E7352693-E7AE-4008-AE84-39F48CE8FFC2}.Debug|Any CPU.ActiveCfg = Debug|Any CPU
		{E7352693-E7AE-4008-AE84-39F48CE8FFC2}.Debug|Any CPU.Build.0 = Debug|Any CPU
		{E7352693-E7AE-4008-AE84-39F48CE8FFC2}.Release|Any CPU.ActiveCfg = Release|Any CPU
		{E7352693-E7AE-4008-AE84-39F48CE8FFC2}.Release|Any CPU.Build.0 = Release|Any CPU
		{742F6FA9-516A-49A9-ABC3-1CF74DA24F75}.Debug|Any CPU.ActiveCfg = Debug|Any CPU
		{742F6FA9-516A-49A9-ABC3-1CF74DA24F75}.Debug|Any CPU.Build.0 = Debug|Any CPU
		{742F6FA9-516A-49A9-ABC3-1CF74DA24F75}.Release|Any CPU.ActiveCfg = Release|Any CPU
		{742F6FA9-516A-49A9-ABC3-1CF74DA24F75}.Release|Any CPU.Build.0 = Release|Any CPU
		{A7821E6B-3805-4F60-A3C4-E232FA83C7B6}.Debug|Any CPU.ActiveCfg = Debug|Any CPU
		{A7821E6B-3805-4F60-A3C4-E232FA83C7B6}.Debug|Any CPU.Build.0 = Debug|Any CPU
		{A7821E6B-3805-4F60-A3C4-E232FA83C7B6}.Release|Any CPU.ActiveCfg = Release|Any CPU
		{A7821E6B-3805-4F60-A3C4-E232FA83C7B6}.Release|Any CPU.Build.0 = Release|Any CPU
		{48664BA8-650D-423A-9F10-667D2BCA4FF9}.Debug|Any CPU.ActiveCfg = Debug|Any CPU
		{48664BA8-650D-423A-9F10-667D2BCA4FF9}.Debug|Any CPU.Build.0 = Debug|Any CPU
		{48664BA8-650D-423A-9F10-667D2BCA4FF9}.Release|Any CPU.ActiveCfg = Release|Any CPU
		{48664BA8-650D-423A-9F10-667D2BCA4FF9}.Release|Any CPU.Build.0 = Release|Any CPU
	EndGlobalSection
	GlobalSection(SolutionProperties) = preSolution
		HideSolutionNode = FALSE
	EndGlobalSection
	GlobalSection(ExtensibilityGlobals) = postSolution
		SolutionGuid = {9400D1DA-566A-4E2D-A081-DE892F34BBC6}
	EndGlobalSection
EndGlobal
